
Microsoft Visual Studio Solution File, Format Version 12.00
# Visual Studio Version 17
VisualStudioVersion = 17.4.33103.184
MinimumVisualStudioVersion = 10.0.40219.1
Project("{FAE04EC0-301F-11D3-BF4B-00C04F79EFBC}") = "capitulo 3 ejercicio 9", "capitulo 3 ejercicio 9\capitulo 3 ejercicio 9.csproj", "{33D6A7BE-D5F2-4F38-8294-EB0D42132FAB}"
EndProject
Global
	GlobalSection(SolutionConfigurationPlatforms) = preSolution
		Debug|Any CPU = Debug|Any CPU
		Release|Any CPU = Release|Any CPU
	EndGlobalSection
	GlobalSection(ProjectConfigurationPlatforms) = postSolution
		{33D6A7BE-D5F2-4F38-8294-EB0D42132FAB}.Debug|Any CPU.ActiveCfg = Debug|Any CPU
		{33D6A7BE-D5F2-4F38-8294-EB0D42132FAB}.Debug|Any CPU.Build.0 = Debug|Any CPU
		{33D6A7BE-D5F2-4F38-8294-EB0D42132FAB}.Release|Any CPU.ActiveCfg = Release|Any CPU
		{33D6A7BE-D5F2-4F38-8294-EB0D42132FAB}.Release|Any CPU.Build.0 = Release|Any CPU
	EndGlobalSection
	GlobalSection(SolutionProperties) = preSolution
		HideSolutionNode = FALSE
	EndGlobalSection
	GlobalSection(ExtensibilityGlobals) = postSolution
		SolutionGuid = {30B2A87D-6995-42B8-A195-DA54708B71DE}
	EndGlobalSection
EndGlobal
